
Microsoft Visual Studio Solution File, Format Version 12.00
# Visual Studio Version 16
VisualStudioVersion = 16.0.35130.168
MinimumVisualStudioVersion = 10.0.40219.1
Project("{FAE04EC0-301F-11D3-BF4B-00C04F79EFBC}") = "PackageResortAPI", "PackageResortAPI\PackageResortAPI.csproj", "{B14D99BB-F7AC-4863-BAFD-59CF5C059357}"
EndProject
Global
	GlobalSection(SolutionConfigurationPlatforms) = preSolution
		Debug|Any CPU = Debug|Any CPU
		Release|Any CPU = Release|Any CPU
	EndGlobalSection
	GlobalSection(ProjectConfigurationPlatforms) = postSolution
		{B14D99BB-F7AC-4863-BAFD-59CF5C059357}.Debug|Any CPU.ActiveCfg = Debug|Any CPU
		{B14D99BB-F7AC-4863-BAFD-59CF5C059357}.Debug|Any CPU.Build.0 = Debug|Any CPU
		{B14D99BB-F7AC-4863-BAFD-59CF5C059357}.Release|Any CPU.ActiveCfg = Release|Any CPU
		{B14D99BB-F7AC-4863-BAFD-59CF5C059357}.Release|Any CPU.Build.0 = Release|Any CPU
	EndGlobalSection
	GlobalSection(SolutionProperties) = preSolution
		HideSolutionNode = FALSE
	EndGlobalSection
	GlobalSection(ExtensibilityGlobals) = postSolution
		SolutionGuid = {516886A6-AD22-41AE-988A-7C2162E7475A}
	EndGlobalSection
EndGlobal
