
Microsoft Visual Studio Solution File, Format Version 12.00
# Visual Studio Version 16
VisualStudioVersion = 16.0.35130.168
MinimumVisualStudioVersion = 10.0.40219.1
Project("{FAE04EC0-301F-11D3-BF4B-00C04F79EFBC}") = "EmployeeAPIRepo", "EmployeeAPIRepo\EmployeeAPIRepo.csproj", "{2715BA4E-143D-4BED-A33A-F8E05152A474}"
EndProject
Global
	GlobalSection(SolutionConfigurationPlatforms) = preSolution
		Debug|Any CPU = Debug|Any CPU
		Release|Any CPU = Release|Any CPU
	EndGlobalSection
	GlobalSection(ProjectConfigurationPlatforms) = postSolution
		{2715BA4E-143D-4BED-A33A-F8E05152A474}.Debug|Any CPU.ActiveCfg = Debug|Any CPU
		{2715BA4E-143D-4BED-A33A-F8E05152A474}.Debug|Any CPU.Build.0 = Debug|Any CPU
		{2715BA4E-143D-4BED-A33A-F8E05152A474}.Release|Any CPU.ActiveCfg = Release|Any CPU
		{2715BA4E-143D-4BED-A33A-F8E05152A474}.Release|Any CPU.Build.0 = Release|Any CPU
	EndGlobalSection
	GlobalSection(SolutionProperties) = preSolution
		HideSolutionNode = FALSE
	EndGlobalSection
	GlobalSection(ExtensibilityGlobals) = postSolution
		SolutionGuid = {F4EACA99-7CB8-42A7-93E9-DED72BCC59FF}
	EndGlobalSection
EndGlobal
