
Microsoft Visual Studio Solution File, Format Version 12.00
# Visual Studio Version 16
VisualStudioVersion = 16.0.35130.168
MinimumVisualStudioVersion = 10.0.40219.1
Project("{FAE04EC0-301F-11D3-BF4B-00C04F79EFBC}") = "EmployeeAPIException", "EmployeeAPIException\EmployeeAPIException.csproj", "{AF147728-F521-4C3D-9BA6-66F9030402C8}"
EndProject
Global
	GlobalSection(SolutionConfigurationPlatforms) = preSolution
		Debug|Any CPU = Debug|Any CPU
		Release|Any CPU = Release|Any CPU
	EndGlobalSection
	GlobalSection(ProjectConfigurationPlatforms) = postSolution
		{AF147728-F521-4C3D-9BA6-66F9030402C8}.Debug|Any CPU.ActiveCfg = Debug|Any CPU
		{AF147728-F521-4C3D-9BA6-66F9030402C8}.Debug|Any CPU.Build.0 = Debug|Any CPU
		{AF147728-F521-4C3D-9BA6-66F9030402C8}.Release|Any CPU.ActiveCfg = Release|Any CPU
		{AF147728-F521-4C3D-9BA6-66F9030402C8}.Release|Any CPU.Build.0 = Release|Any CPU
	EndGlobalSection
	GlobalSection(SolutionProperties) = preSolution
		HideSolutionNode = FALSE
	EndGlobalSection
	GlobalSection(ExtensibilityGlobals) = postSolution
		SolutionGuid = {C708B7EC-B6CC-4395-BFEA-9B65EB57F68B}
	EndGlobalSection
EndGlobal
