
Microsoft Visual Studio Solution File, Format Version 12.00
# Visual Studio Version 16
VisualStudioVersion = 16.0.35130.168
MinimumVisualStudioVersion = 10.0.40219.1
Project("{FAE04EC0-301F-11D3-BF4B-00C04F79EFBC}") = "EmptyApplication", "EmptyApplication\EmptyApplication.csproj", "{6A96D676-833F-42C6-9830-35D319390307}"
EndProject
Global
	GlobalSection(SolutionConfigurationPlatforms) = preSolution
		Debug|Any CPU = Debug|Any CPU
		Release|Any CPU = Release|Any CPU
	EndGlobalSection
	GlobalSection(ProjectConfigurationPlatforms) = postSolution
		{6A96D676-833F-42C6-9830-35D319390307}.Debug|Any CPU.ActiveCfg = Debug|Any CPU
		{6A96D676-833F-42C6-9830-35D319390307}.Debug|Any CPU.Build.0 = Debug|Any CPU
		{6A96D676-833F-42C6-9830-35D319390307}.Release|Any CPU.ActiveCfg = Release|Any CPU
		{6A96D676-833F-42C6-9830-35D319390307}.Release|Any CPU.Build.0 = Release|Any CPU
	EndGlobalSection
	GlobalSection(SolutionProperties) = preSolution
		HideSolutionNode = FALSE
	EndGlobalSection
	GlobalSection(ExtensibilityGlobals) = postSolution
		SolutionGuid = {1BFF75E2-F1CD-4C59-9526-669291F039AB}
	EndGlobalSection
EndGlobal
